// !$*UTF8*$!
{
	archiveVersion = 1;
	classes = {
	};
	objectVersion = 46;
	objects = {

/* Begin PBXBuildFile section */
		6690F5861E3116A5005FD0BF /* Launch Screen.storyboard in Resources */ = {isa = PBXBuildFile; fileRef = 6690F5851E3116A5005FD0BF /* Launch Screen.storyboard */; };
		66A6C6541DD2C50D0001F5FB /* Constants.swift in Sources */ = {isa = PBXBuildFile; fileRef = 66A6C6531DD2C50D0001F5FB /* Constants.swift */; };
		66A6C6561DD2F3820001F5FB /* UsageUtility.swift in Sources */ = {isa = PBXBuildFile; fileRef = 66A6C6551DD2F3820001F5FB /* UsageUtility.swift */; };
		66A6C6581DD2FE960001F5FB /* HistoryDataCache.swift in Sources */ = {isa = PBXBuildFile; fileRef = 66A6C6571DD2FE960001F5FB /* HistoryDataCache.swift */; };
		66C6C7F03901D3338FF3DE06 /* Pods_SwiftQRCodeScan.framework in Frameworks */ = {isa = PBXBuildFile; fileRef = 57FC3B9C63D250585668B2BD /* Pods_SwiftQRCodeScan.framework */; };
		66FF0CFA1DD1787F00C16858 /* AppDelegate.swift in Sources */ = {isa = PBXBuildFile; fileRef = 66FF0CF91DD1787F00C16858 /* AppDelegate.swift */; };
		66FF0D011DD1787F00C16858 /* Assets.xcassets in Resources */ = {isa = PBXBuildFile; fileRef = 66FF0D001DD1787F00C16858 /* Assets.xcassets */; };
		66FF0D0C1DD17AE800C16858 /* ScanViewController.swift in Sources */ = {isa = PBXBuildFile; fileRef = 66FF0D0B1DD17AE800C16858 /* ScanViewController.swift */; };
		66FF0D0E1DD17B4D00C16858 /* HistoryViewController.swift in Sources */ = {isa = PBXBuildFile; fileRef = 66FF0D0D1DD17B4D00C16858 /* HistoryViewController.swift */; };
		66FF0D151DD2074600C16858 /* ShadowView.swift in Sources */ = {isa = PBXBuildFile; fileRef = 66FF0D141DD2074600C16858 /* ShadowView.swift */; };
/* End PBXBuildFile section */

/* Begin PBXFileReference section */
		57FC3B9C63D250585668B2BD /* Pods_SwiftQRCodeScan.framework */ = {isa = PBXFileReference; explicitFileType = wrapper.framework; includeInIndex = 0; path = Pods_SwiftQRCodeScan.framework; sourceTree = BUILT_PRODUCTS_DIR; };
		6690F5851E3116A5005FD0BF /* Launch Screen.storyboard */ = {isa = PBXFileReference; fileEncoding = 4; lastKnownFileType = file.storyboard; path = "Launch Screen.storyboard"; sourceTree = "<group>"; };
		66A6C6531DD2C50D0001F5FB /* Constants.swift */ = {isa = PBXFileReference; fileEncoding = 4; lastKnownFileType = sourcecode.swift; path = Constants.swift; sourceTree = "<group>"; };
		66A6C6551DD2F3820001F5FB /* UsageUtility.swift */ = {isa = PBXFileReference; fileEncoding = 4; lastKnownFileType = sourcecode.swift; path = UsageUtility.swift; sourceTree = "<group>"; };
		66A6C6571DD2FE960001F5FB /* HistoryDataCache.swift */ = {isa = PBXFileReference; fileEncoding = 4; lastKnownFileType = sourcecode.swift; path = HistoryDataCache.swift; sourceTree = "<group>"; };
		66FF0CF61DD1787F00C16858 /* SwiftQRCodeScan.app */ = {isa = PBXFileReference; explicitFileType = wrapper.application; includeInIndex = 0; path = SwiftQRCodeScan.app; sourceTree = BUILT_PRODUCTS_DIR; };
		66FF0CF91DD1787F00C16858 /* AppDelegate.swift */ = {isa = PBXFileReference; lastKnownFileType = sourcecode.swift; path = AppDelegate.swift; sourceTree = "<group>"; };
		66FF0D001DD1787F00C16858 /* Assets.xcassets */ = {isa = PBXFileReference; lastKnownFileType = folder.assetcatalog; path = Assets.xcassets; sourceTree = "<group>"; };
		66FF0D051DD1787F00C16858 /* Info.plist */ = {isa = PBXFileReference; lastKnownFileType = text.plist.xml; path = Info.plist; sourceTree = "<group>"; };
		66FF0D0B1DD17AE800C16858 /* ScanViewController.swift */ = {isa = PBXFileReference; fileEncoding = 4; lastKnownFileType = sourcecode.swift; path = ScanViewController.swift; sourceTree = "<group>"; };
		66FF0D0D1DD17B4D00C16858 /* HistoryViewController.swift */ = {isa = PBXFileReference; fileEncoding = 4; lastKnownFileType = sourcecode.swift; path = HistoryViewController.swift; sourceTree = "<group>"; };
		66FF0D141DD2074600C16858 /* ShadowView.swift */ = {isa = PBXFileReference; fileEncoding = 4; lastKnownFileType = sourcecode.swift; path = ShadowView.swift; sourceTree = "<group>"; };
		C8BC07E2905E150360FD14D4 /* Pods-SwiftQRCodeScan.release.xcconfig */ = {isa = PBXFileReference; includeInIndex = 1; lastKnownFileType = text.xcconfig; name = "Pods-SwiftQRCodeScan.release.xcconfig"; path = "Pods/Target Support Files/Pods-SwiftQRCodeScan/Pods-SwiftQRCodeScan.release.xcconfig"; sourceTree = "<group>"; };
		D79A58883F84F247FFFEE579 /* Pods-SwiftQRCodeScan.debug.xcconfig */ = {isa = PBXFileReference; includeInIndex = 1; lastKnownFileType = text.xcconfig; name = "Pods-SwiftQRCodeScan.debug.xcconfig"; path = "Pods/Target Support Files/Pods-SwiftQRCodeScan/Pods-SwiftQRCodeScan.debug.xcconfig"; sourceTree = "<group>"; };
/* End PBXFileReference section */

/* Begin PBXFrameworksBuildPhase section */
		66FF0CF31DD1787F00C16858 /* Frameworks */ = {
			isa = PBXFrameworksBuildPhase;
			buildActionMask = 2147483647;
			files = (
				66C6C7F03901D3338FF3DE06 /* Pods_SwiftQRCodeScan.framework in Frameworks */,
			);
			runOnlyForDeploymentPostprocessing = 0;
		};
/* End PBXFrameworksBuildPhase section */

/* Begin PBXGroup section */
		278A21724CE1CD19E3CD7743 /* Pods */ = {
			isa = PBXGroup;
			children = (
				D79A58883F84F247FFFEE579 /* Pods-SwiftQRCodeScan.debug.xcconfig */,
				C8BC07E2905E150360FD14D4 /* Pods-SwiftQRCodeScan.release.xcconfig */,
			);
			name = Pods;
			sourceTree = "<group>";
		};
		4CD3B7814E2A613D2E14537B /* Frameworks */ = {
			isa = PBXGroup;
			children = (
				57FC3B9C63D250585668B2BD /* Pods_SwiftQRCodeScan.framework */,
			);
			name = Frameworks;
			sourceTree = "<group>";
		};
		66FF0CED1DD1787F00C16858 = {
			isa = PBXGroup;
			children = (
				66FF0CF81DD1787F00C16858 /* SwiftQRCodeScan */,
				66FF0CF71DD1787F00C16858 /* Products */,
				278A21724CE1CD19E3CD7743 /* Pods */,
				4CD3B7814E2A613D2E14537B /* Frameworks */,
			);
			sourceTree = "<group>";
		};
		66FF0CF71DD1787F00C16858 /* Products */ = {
			isa = PBXGroup;
			children = (
				66FF0CF61DD1787F00C16858 /* SwiftQRCodeScan.app */,
			);
			name = Products;
			sourceTree = "<group>";
		};
		66FF0CF81DD1787F00C16858 /* SwiftQRCodeScan */ = {
			isa = PBXGroup;
			children = (
				66FF0D051DD1787F00C16858 /* Info.plist */,
				6690F5851E3116A5005FD0BF /* Launch Screen.storyboard */,
				66FF0CF91DD1787F00C16858 /* AppDelegate.swift */,
				66A6C6531DD2C50D0001F5FB /* Constants.swift */,
				66A6C6571DD2FE960001F5FB /* HistoryDataCache.swift */,
				66FF0D0D1DD17B4D00C16858 /* HistoryViewController.swift */,
				66FF0D0B1DD17AE800C16858 /* ScanViewController.swift */,
				66FF0D141DD2074600C16858 /* ShadowView.swift */,
				66A6C6551DD2F3820001F5FB /* UsageUtility.swift */,
				66FF0D001DD1787F00C16858 /* Assets.xcassets */,
				66FF0D111DD1EA1100C16858 /* Resource */,
			);
			path = SwiftQRCodeScan;
			sourceTree = "<group>";
		};
		66FF0D111DD1EA1100C16858 /* Resource */ = {
			isa = PBXGroup;
			children = (
			);
			name = Resource;
			sourceTree = "<group>";
		};
/* End PBXGroup section */

/* Begin PBXNativeTarget section */
		66FF0CF51DD1787F00C16858 /* SwiftQRCodeScan */ = {
			isa = PBXNativeTarget;
			buildConfigurationList = 66FF0D081DD1787F00C16858 /* Build configuration list for PBXNativeTarget "SwiftQRCodeScan" */;
			buildPhases = (
				94136ABD405BE317590B6DCA /* [CP] Check Pods Manifest.lock */,
				66FF0CF21DD1787F00C16858 /* Sources */,
				66FF0CF31DD1787F00C16858 /* Frameworks */,
				66FF0CF41DD1787F00C16858 /* Resources */,
				221A7508B39C2F8668CCC46B /* [CP] Embed Pods Frameworks */,
				18A07661B76F30962980AC5B /* [CP] Copy Pods Resources */,
			);
			buildRules = (
			);
			dependencies = (
			);
			name = SwiftQRCodeScan;
			productName = SwiftQRCodeScan;
			productReference = 66FF0CF61DD1787F00C16858 /* SwiftQRCodeScan.app */;
			productType = "com.apple.product-type.application";
		};
/* End PBXNativeTarget section */

/* Begin PBXProject section */
		66FF0CEE1DD1787F00C16858 /* Project object */ = {
			isa = PBXProject;
			attributes = {
				LastSwiftUpdateCheck = 0810;
				LastUpgradeCheck = 0910;
				ORGANIZATIONNAME = wenyou;
				TargetAttributes = {
					66FF0CF51DD1787F00C16858 = {
						CreatedOnToolsVersion = 8.1;
						DevelopmentTeam = CY25956VB2;
						LastSwiftMigration = 0910;
						ProvisioningStyle = Automatic;
					};
				};
			};
			buildConfigurationList = 66FF0CF11DD1787F00C16858 /* Build configuration list for PBXProject "SwiftQRCodeScan" */;
			compatibilityVersion = "Xcode 3.2";
			developmentRegion = English;
			hasScannedForEncodings = 0;
			knownRegions = (
				en,
				Base,
			);
			mainGroup = 66FF0CED1DD1787F00C16858;
			productRefGroup = 66FF0CF71DD1787F00C16858 /* Products */;
			projectDirPath = "";
			projectRoot = "";
			targets = (
				66FF0CF51DD1787F00C16858 /* SwiftQRCodeScan */,
			);
		};
/* End PBXProject section */

/* Begin PBXResourcesBuildPhase section */
		66FF0CF41DD1787F00C16858 /* Resources */ = {
			isa = PBXResourcesBuildPhase;
			buildActionMask = 2147483647;
			files = (
				6690F5861E3116A5005FD0BF /* Launch Screen.storyboard in Resources */,
				66FF0D011DD1787F00C16858 /* Assets.xcassets in Resources */,
			);
			runOnlyForDeploymentPostprocessing = 0;
		};
/* End PBXResourcesBuildPhase section */

/* Begin PBXShellScriptBuildPhase section */
		18A07661B76F30962980AC5B /* [CP] Copy Pods Resources */ = {
			isa = PBXShellScriptBuildPhase;
			buildActionMask = 2147483647;
			files = (
			);
			inputPaths = (
			);
			name = "[CP] Copy Pods Resources";
			outputPaths = (
			);
			runOnlyForDeploymentPostprocessing = 0;
			shellPath = /bin/sh;
			shellScript = "\"${SRCROOT}/Pods/Target Support Files/Pods-SwiftQRCodeScan/Pods-SwiftQRCodeScan-resources.sh\"\n";
			showEnvVarsInLog = 0;
		};
		221A7508B39C2F8668CCC46B /* [CP] Embed Pods Frameworks */ = {
			isa = PBXShellScriptBuildPhase;
			buildActionMask = 2147483647;
			files = (
			);
			inputPaths = (
				"${SRCROOT}/Pods/Target Support Files/Pods-SwiftQRCodeScan/Pods-SwiftQRCodeScan-frameworks.sh",
				"${BUILT_PRODUCTS_DIR}/SnapKit/SnapKit.framework",
				"${BUILT_PRODUCTS_DIR}/Then/Then.framework",
				"${BUILT_PRODUCTS_DIR}/Toast-Swift/Toast_Swift.framework",
				"${BUILT_PRODUCTS_DIR}/WYKit/WYKit.framework",
			);
			name = "[CP] Embed Pods Frameworks";
			outputPaths = (
				"${TARGET_BUILD_DIR}/${FRAMEWORKS_FOLDER_PATH}/SnapKit.framework",
				"${TARGET_BUILD_DIR}/${FRAMEWORKS_FOLDER_PATH}/Then.framework",
				"${TARGET_BUILD_DIR}/${FRAMEWORKS_FOLDER_PATH}/Toast_Swift.framework",
				"${TARGET_BUILD_DIR}/${FRAMEWORKS_FOLDER_PATH}/WYKit.framework",
			);
			runOnlyForDeploymentPostprocessing = 0;
			shellPath = /bin/sh;
			shellScript = "\"${SRCROOT}/Pods/Target Support Files/Pods-SwiftQRCodeScan/Pods-SwiftQRCodeScan-frameworks.sh\"\n";
			showEnvVarsInLog = 0;
		};
		94136ABD405BE317590B6DCA /* [CP] Check Pods Manifest.lock */ = {
			isa = PBXShellScriptBuildPhase;
			buildActionMask = 2147483647;
			files = (
			);
			inputPaths = (
				"${PODS_PODFILE_DIR_PATH}/Podfile.lock",
				"${PODS_ROOT}/Manifest.lock",
			);
			name = "[CP] Check Pods Manifest.lock";
			outputPaths = (
				"$(DERIVED_FILE_DIR)/Pods-SwiftQRCodeScan-checkManifestLockResult.txt",
			);
			runOnlyForDeploymentPostprocessing = 0;
			shellPath = /bin/sh;
			shellScript = "diff \"${PODS_PODFILE_DIR_PATH}/Podfile.lock\" \"${PODS_ROOT}/Manifest.lock\" > /dev/null\nif [ $? != 0 ] ; then\n    # print error to STDERR\n    echo \"error: The sandbox is not in sync with the Podfile.lock. Run 'pod install' or update your CocoaPods installation.\" >&2\n    exit 1\nfi\n# This output is used by Xcode 'outputs' to avoid re-running this script phase.\necho \"SUCCESS\" > \"${SCRIPT_OUTPUT_FILE_0}\"\n";
			showEnvVarsInLog = 0;
		};
/* End PBXShellScriptBuildPhase section */

/* Begin PBXSourcesBuildPhase section */
		66FF0CF21DD1787F00C16858 /* Sources */ = {
			isa = PBXSourcesBuildPhase;
			buildActionMask = 2147483647;
			files = (
				66A6C6581DD2FE960001F5FB /* HistoryDataCache.swift in Sources */,
				66FF0D151DD2074600C16858 /* ShadowView.swift in Sources */,
				66FF0CFA1DD1787F00C16858 /* AppDelegate.swift in Sources */,
				66FF0D0C1DD17AE800C16858 /* ScanViewController.swift in Sources */,
				66FF0D0E1DD17B4D00C16858 /* HistoryViewController.swift in Sources */,
				66A6C6561DD2F3820001F5FB /* UsageUtility.swift in Sources */,
				66A6C6541DD2C50D0001F5FB /* Constants.swift in Sources */,
			);
			runOnlyForDeploymentPostprocessing = 0;
		};
/* End PBXSourcesBuildPhase section */

/* Begin XCBuildConfiguration section */
		66FF0D061DD1787F00C16858 /* Debug */ = {
			isa = XCBuildConfiguration;
			buildSettings = {
				ALWAYS_SEARCH_USER_PATHS = NO;
				CLANG_ANALYZER_NONNULL = YES;
				CLANG_CXX_LANGUAGE_STANDARD = "gnu++0x";
				CLANG_CXX_LIBRARY = "libc++";
				CLANG_ENABLE_MODULES = YES;
				CLANG_ENABLE_OBJC_ARC = YES;
				CLANG_WARN_BLOCK_CAPTURE_AUTORELEASING = YES;
				CLANG_WARN_BOOL_CONVERSION = YES;
				CLANG_WARN_COMMA = YES;
				CLANG_WARN_CONSTANT_CONVERSION = YES;
				CLANG_WARN_DIRECT_OBJC_ISA_USAGE = YES_ERROR;
				CLANG_WARN_DOCUMENTATION_COMMENTS = YES;
				CLANG_WARN_EMPTY_BODY = YES;
				CLANG_WARN_ENUM_CONVERSION = YES;
				CLANG_WARN_INFINITE_RECURSION = YES;
				CLANG_WARN_INT_CONVERSION = YES;
				CLANG_WARN_NON_LITERAL_NULL_CONVERSION = YES;
				CLANG_WARN_OBJC_LITERAL_CONVERSION = YES;
				CLANG_WARN_OBJC_ROOT_CLASS = YES_ERROR;
				CLANG_WARN_RANGE_LOOP_ANALYSIS = YES;
				CLANG_WARN_STRICT_PROTOTYPES = YES;
				CLANG_WARN_SUSPICIOUS_MOVE = YES;
				CLANG_WARN_SUSPICIOUS_MOVES = YES;
				CLANG_WARN_UNREACHABLE_CODE = YES;
				CLANG_WARN__DUPLICATE_METHOD_MATCH = YES;
				"CODE_SIGN_IDENTITY[sdk=iphoneos*]" = "iPhone Developer";
				COPY_PHASE_STRIP = NO;
				DEBUG_INFORMATION_FORMAT = dwarf;
				ENABLE_STRICT_OBJC_MSGSEND = YES;
				ENABLE_TESTABILITY = YES;
				GCC_C_LANGUAGE_STANDARD = gnu99;
				GCC_DYNAMIC_NO_PIC = NO;
				GCC_NO_COMMON_BLOCKS = YES;
				GCC_OPTIMIZATION_LEVEL = 0;
				GCC_PREPROCESSOR_DEFINITIONS = (
					"DEBUG=1",
					"$(inherited)",
				);
				GCC_WARN_64_TO_32_BIT_CONVERSION = YES;
				GCC_WARN_ABOUT_RETURN_TYPE = YES_ERROR;
				GCC_WARN_UNDECLARED_SELECTOR = YES;
				GCC_WARN_UNINITIALIZED_AUTOS = YES_AGGRESSIVE;
				GCC_WARN_UNUSED_FUNCTION = YES;
				GCC_WARN_UNUSED_VARIABLE = YES;
				IPHONEOS_DEPLOYMENT_TARGET = 10.1;
				MTL_ENABLE_DEBUG_INFO = YES;
				ONLY_ACTIVE_ARCH = YES;
				SDKROOT = iphoneos;
				SWIFT_ACTIVE_COMPILATION_CONDITIONS = DEBUG;
				SWIFT_OPTIMIZATION_LEVEL = "-Onone";
			};
			name = Debug;
		};
		66FF0D071DD1787F00C16858 /* Release */ = {
			isa = XCBuildConfiguration;
			buildSettings = {
				ALWAYS_SEARCH_USER_PATHS = NO;
				CLANG_ANALYZER_NONNULL = YES;
				CLANG_CXX_LANGUAGE_STANDARD = "gnu++0x";
				CLANG_CXX_LIBRARY = "libc++";
				CLANG_ENABLE_MODULES = YES;
				CLANG_ENABLE_OBJC_ARC = YES;
				CLANG_WARN_BLOCK_CAPTURE_AUTORELEASING = YES;
				CLANG_WARN_BOOL_CONVERSION = YES;
				CLANG_WARN_COMMA = YES;
				CLANG_WARN_CONSTANT_CONVERSION = YES;
				CLANG_WARN_DIRECT_OBJC_ISA_USAGE = YES_ERROR;
				CLANG_WARN_DOCUMENTATION_COMMENTS = YES;
				CLANG_WARN_EMPTY_BODY = YES;
				CLANG_WARN_ENUM_CONVERSION = YES;
				CLANG_WARN_INFINITE_RECURSION = YES;
				CLANG_WARN_INT_CONVERSION = YES;
				CLANG_WARN_NON_LITERAL_NULL_CONVERSION = YES;
				CLANG_WARN_OBJC_LITERAL_CONVERSION = YES;
				CLANG_WARN_OBJC_ROOT_CLASS = YES_ERROR;
				CLANG_WARN_RANGE_LOOP_ANALYSIS = YES;
				CLANG_WARN_STRICT_PROTOTYPES = YES;
				CLANG_WARN_SUSPICIOUS_MOVE = YES;
				CLANG_WARN_SUSPICIOUS_MOVES = YES;
				CLANG_WARN_UNREACHABLE_CODE = YES;
				CLANG_WARN__DUPLICATE_METHOD_MATCH = YES;
				"CODE_SIGN_IDENTITY[sdk=iphoneos*]" = "iPhone Developer";
				COPY_PHASE_STRIP = NO;
				DEBUG_INFORMATION_FORMAT = "dwarf-with-dsym";
				ENABLE_NS_ASSERTIONS = NO;
				ENABLE_STRICT_OBJC_MSGSEND = YES;
				GCC_C_LANGUAGE_STANDARD = gnu99;
				GCC_NO_COMMON_BLOCKS = YES;
				GCC_WARN_64_TO_32_BIT_CONVERSION = YES;
				GCC_WARN_ABOUT_RETURN_TYPE = YES_ERROR;
				GCC_WARN_UNDECLARED_SELECTOR = YES;
				GCC_WARN_UNINITIALIZED_AUTOS = YES_AGGRESSIVE;
				GCC_WARN_UNUSED_FUNCTION = YES;
				GCC_WARN_UNUSED_VARIABLE = YES;
				IPHONEOS_DEPLOYMENT_TARGET = 10.1;
				MTL_ENABLE_DEBUG_INFO = NO;
				SDKROOT = iphoneos;
				SWIFT_OPTIMIZATION_LEVEL = "-Owholemodule";
				VALIDATE_PRODUCT = YES;
			};
			name = Release;
		};
		66FF0D091DD1787F00C16858 /* Debug */ = {
			isa = XCBuildConfiguration;
			baseConfigurationReference = D79A58883F84F247FFFEE579 /* Pods-SwiftQRCodeScan.debug.xcconfig */;
			buildSettings = {
				ALWAYS_EMBED_SWIFT_STANDARD_LIBRARIES = "$(inherited)";
				ASSETCATALOG_COMPILER_APPICON_NAME = AppIcon;
				DEVELOPMENT_TEAM = CY25956VB2;
				INFOPLIST_FILE = SwiftQRCodeScan/Info.plist;
				IPHONEOS_DEPLOYMENT_TARGET = 10.0;
				LD_RUNPATH_SEARCH_PATHS = "$(inherited) @executable_path/Frameworks";
				PRODUCT_BUNDLE_IDENTIFIER = win.sourcecode.SwiftQRCodeScan;
				PRODUCT_NAME = "$(TARGET_NAME)";
				SWIFT_SWIFT3_OBJC_INFERENCE = Default;
				SWIFT_VERSION = 4.0;
				TARGETED_DEVICE_FAMILY = 1;
			};
			name = Debug;
		};
		66FF0D0A1DD1787F00C16858 /* Release */ = {
			isa = XCBuildConfiguration;
			baseConfigurationReference = C8BC07E2905E150360FD14D4 /* Pods-SwiftQRCodeScan.release.xcconfig */;
			buildSettings = {
				ALWAYS_EMBED_SWIFT_STANDARD_LIBRARIES = "$(inherited)";
				ASSETCATALOG_COMPILER_APPICON_NAME = AppIcon;
				DEVELOPMENT_TEAM = CY25956VB2;
				INFOPLIST_FILE = SwiftQRCodeScan/Info.plist;
				IPHONEOS_DEPLOYMENT_TARGET = 10.0;
				LD_RUNPATH_SEARCH_PATHS = "$(inherited) @executable_path/Frameworks";
				PRODUCT_BUNDLE_IDENTIFIER = win.sourcecode.SwiftQRCodeScan;
				PRODUCT_NAME = "$(TARGET_NAME)";
				SWIFT_SWIFT3_OBJC_INFERENCE = Default;
				SWIFT_VERSION = 4.0;
				TARGETED_DEVICE_FAMILY = 1;
			};
			name = Release;
		};
/* End XCBuildConfiguration section */

/* Begin XCConfigurationList section */
		66FF0CF11DD1787F00C16858 /* Build configuration list for PBXProject "SwiftQRCodeScan" */ = {
			isa = XCConfigurationList;
			buildConfigurations = (
				66FF0D061DD1787F00C16858 /* Debug */,
				66FF0D071DD1787F00C16858 /* Release */,
			);
			defaultConfigurationIsVisible = 0;
			defaultConfigurationName = Release;
		};
		66FF0D081DD1787F00C16858 /* Build configuration list for PBXNativeTarget "SwiftQRCodeScan" */ = {
			isa = XCConfigurationList;
			buildConfigurations = (
				66FF0D091DD1787F00C16858 /* Debug */,
				66FF0D0A1DD1787F00C16858 /* Release */,
			);
			defaultConfigurationIsVisible = 0;
			defaultConfigurationName = Release;
		};
/* End XCConfigurationList section */
	};
	rootObject = 66FF0CEE1DD1787F00C16858 /* Project object */;
}
