{
  "object": {
    "pins": [
      {
        "package": "RxSwift",
        "repositoryURL": "git@github.com:ReactiveX/RxSwift.git",
        "state": {
          "branch": null,
          "revision": "002d325b0bdee94e7882e1114af5ff4fe1e96afa",
          "version": "5.1.1"
        }
      },
      {
        "package": "Then",
        "repositoryURL": "git@github.com:devxoul/Then.git",
        "state": {
          "branch": null,
          "revision": "e421a7b3440a271834337694e6050133a3958bc7",
          "version": "2.7.0"
        }
      }
    ]
  },
  "version": 1
}
